
Microsoft Visual Studio Solution File, Format Version 12.00
# Visual Studio 15
VisualStudioVersion = 15.0.27130.2036
MinimumVisualStudioVersion = 10.0.40219.1
Project("{9A19103F-16F7-4668-BE54-9A1E7A4F7556}") = "FDMC.App", "FDMC.App\FDMC.App.csproj", "{3AF5EE1F-1BF8-44AB-9276-D983A90A2EE9}"
EndProject
Project("{9A19103F-16F7-4668-BE54-9A1E7A4F7556}") = "FDMC.Models", "FDMC.Models\FDMC.Models.csproj", "{99D5BA5A-B681-4D8B-A1B0-C99251234A85}"
EndProject
Project("{FAE04EC0-301F-11D3-BF4B-00C04F79EFBC}") = "FDMC.Data", "FDMC.Data\FDMC.Data.csproj", "{4422AF5F-FDDF-49C0-9ED6-6DBD36788A36}"
EndProject
Global
	GlobalSection(SolutionConfigurationPlatforms) = preSolution
		Debug|Any CPU = Debug|Any CPU
		Release|Any CPU = Release|Any CPU
	EndGlobalSection
	GlobalSection(ProjectConfigurationPlatforms) = postSolution
		{3AF5EE1F-1BF8-44AB-9276-D983A90A2EE9}.Debug|Any CPU.ActiveCfg = Debug|Any CPU
		{3AF5EE1F-1BF8-44AB-9276-D983A90A2EE9}.Debug|Any CPU.Build.0 = Debug|Any CPU
		{3AF5EE1F-1BF8-44AB-9276-D983A90A2EE9}.Release|Any CPU.ActiveCfg = Release|Any CPU
		{3AF5EE1F-1BF8-44AB-9276-D983A90A2EE9}.Release|Any CPU.Build.0 = Release|Any CPU
		{99D5BA5A-B681-4D8B-A1B0-C99251234A85}.Debug|Any CPU.ActiveCfg = Debug|Any CPU
		{99D5BA5A-B681-4D8B-A1B0-C99251234A85}.Debug|Any CPU.Build.0 = Debug|Any CPU
		{99D5BA5A-B681-4D8B-A1B0-C99251234A85}.Release|Any CPU.ActiveCfg = Release|Any CPU
		{99D5BA5A-B681-4D8B-A1B0-C99251234A85}.Release|Any CPU.Build.0 = Release|Any CPU
		{4422AF5F-FDDF-49C0-9ED6-6DBD36788A36}.Debug|Any CPU.ActiveCfg = Debug|Any CPU
		{4422AF5F-FDDF-49C0-9ED6-6DBD36788A36}.Debug|Any CPU.Build.0 = Debug|Any CPU
		{4422AF5F-FDDF-49C0-9ED6-6DBD36788A36}.Release|Any CPU.ActiveCfg = Release|Any CPU
		{4422AF5F-FDDF-49C0-9ED6-6DBD36788A36}.Release|Any CPU.Build.0 = Release|Any CPU
	EndGlobalSection
	GlobalSection(SolutionProperties) = preSolution
		HideSolutionNode = FALSE
	EndGlobalSection
	GlobalSection(ExtensibilityGlobals) = postSolution
		SolutionGuid = {73D08D6D-BD1A-4FB5-8C3F-F3DAC699DE52}
	EndGlobalSection
EndGlobal
