
Microsoft Visual Studio Solution File, Format Version 12.00
# Visual Studio 15
VisualStudioVersion = 15.0.27703.2042
MinimumVisualStudioVersion = 10.0.40219.1
Project("{9A19103F-16F7-4668-BE54-9A1E7A4F7556}") = "BookLibrary.Web", "BookLibrary.Web\BookLibrary.Web.csproj", "{EC640CFA-8406-4828-9827-0D4834CBB0CE}"
EndProject
Project("{9A19103F-16F7-4668-BE54-9A1E7A4F7556}") = "BookLibrary.Models", "BookLibrary.Models\BookLibrary.Models.csproj", "{3EAEEC28-876F-49F8-BAFD-79414FC8A3A4}"
EndProject
Project("{9A19103F-16F7-4668-BE54-9A1E7A4F7556}") = "BookLibrary.Data", "BookLibrary.Data\BookLibrary.Data.csproj", "{CF039779-C248-4EFE-BA63-984C1139546B}"
EndProject
Project("{FAE04EC0-301F-11D3-BF4B-00C04F79EFBC}") = "BookLibrary.Common", "BookLibrary.Common\BookLibrary.Common.csproj", "{5B6260F9-A7D1-4FAD-8DC9-B66CBCB3FC6B}"
EndProject
Global
	GlobalSection(SolutionConfigurationPlatforms) = preSolution
		Debug|Any CPU = Debug|Any CPU
		Release|Any CPU = Release|Any CPU
	EndGlobalSection
	GlobalSection(ProjectConfigurationPlatforms) = postSolution
		{EC640CFA-8406-4828-9827-0D4834CBB0CE}.Debug|Any CPU.ActiveCfg = Debug|Any CPU
		{EC640CFA-8406-4828-9827-0D4834CBB0CE}.Debug|Any CPU.Build.0 = Debug|Any CPU
		{EC640CFA-8406-4828-9827-0D4834CBB0CE}.Release|Any CPU.ActiveCfg = Release|Any CPU
		{EC640CFA-8406-4828-9827-0D4834CBB0CE}.Release|Any CPU.Build.0 = Release|Any CPU
		{3EAEEC28-876F-49F8-BAFD-79414FC8A3A4}.Debug|Any CPU.ActiveCfg = Debug|Any CPU
		{3EAEEC28-876F-49F8-BAFD-79414FC8A3A4}.Debug|Any CPU.Build.0 = Debug|Any CPU
		{3EAEEC28-876F-49F8-BAFD-79414FC8A3A4}.Release|Any CPU.ActiveCfg = Release|Any CPU
		{3EAEEC28-876F-49F8-BAFD-79414FC8A3A4}.Release|Any CPU.Build.0 = Release|Any CPU
		{CF039779-C248-4EFE-BA63-984C1139546B}.Debug|Any CPU.ActiveCfg = Debug|Any CPU
		{CF039779-C248-4EFE-BA63-984C1139546B}.Debug|Any CPU.Build.0 = Debug|Any CPU
		{CF039779-C248-4EFE-BA63-984C1139546B}.Release|Any CPU.ActiveCfg = Release|Any CPU
		{CF039779-C248-4EFE-BA63-984C1139546B}.Release|Any CPU.Build.0 = Release|Any CPU
		{5B6260F9-A7D1-4FAD-8DC9-B66CBCB3FC6B}.Debug|Any CPU.ActiveCfg = Debug|Any CPU
		{5B6260F9-A7D1-4FAD-8DC9-B66CBCB3FC6B}.Debug|Any CPU.Build.0 = Debug|Any CPU
		{5B6260F9-A7D1-4FAD-8DC9-B66CBCB3FC6B}.Release|Any CPU.ActiveCfg = Release|Any CPU
		{5B6260F9-A7D1-4FAD-8DC9-B66CBCB3FC6B}.Release|Any CPU.Build.0 = Release|Any CPU
	EndGlobalSection
	GlobalSection(SolutionProperties) = preSolution
		HideSolutionNode = FALSE
	EndGlobalSection
	GlobalSection(ExtensibilityGlobals) = postSolution
		SolutionGuid = {E80E651C-1B18-4DEA-A0D4-3D08424374D8}
	EndGlobalSection
EndGlobal
